
Microsoft Visual Studio Solution File, Format Version 12.00
# Visual Studio Version 16
VisualStudioVersion = 16.0.28803.352
MinimumVisualStudioVersion = 10.0.40219.1
Project("{9A19103F-16F7-4668-BE54-9A1E7A4F7556}") = "Domain", "Domain\Domain.csproj", "{9F8160C1-2478-4E46-875C-2FD084D3FDF9}"
EndProject
Project("{9A19103F-16F7-4668-BE54-9A1E7A4F7556}") = "EFDataAccess", "EFDataAccess\EFDataAccess.csproj", "{35DE3B86-0FB0-472B-BC4C-65E87F7C1459}"
EndProject
Project("{9A19103F-16F7-4668-BE54-9A1E7A4F7556}") = "Application", "Application\Application.csproj", "{488E8863-147F-4A6A-A50C-5356AAFC5E43}"
EndProject
Project("{9A19103F-16F7-4668-BE54-9A1E7A4F7556}") = "EFCommands", "EFCommands\EFCommands.csproj", "{7FAE652C-7AC2-4D70-9870-22A5E02D829A}"
EndProject
Project("{2150E333-8FDC-42A3-9474-1A3956D46DE8}") = "Applications", "Applications", "{5323E4E1-DCFD-48E9-BAF4-82D7722D877D}"
EndProject
Global
	GlobalSection(SolutionConfigurationPlatforms) = preSolution
		Debug|Any CPU = Debug|Any CPU
		Release|Any CPU = Release|Any CPU
	EndGlobalSection
	GlobalSection(ProjectConfigurationPlatforms) = postSolution
		{9F8160C1-2478-4E46-875C-2FD084D3FDF9}.Debug|Any CPU.ActiveCfg = Debug|Any CPU
		{9F8160C1-2478-4E46-875C-2FD084D3FDF9}.Debug|Any CPU.Build.0 = Debug|Any CPU
		{9F8160C1-2478-4E46-875C-2FD084D3FDF9}.Release|Any CPU.ActiveCfg = Release|Any CPU
		{9F8160C1-2478-4E46-875C-2FD084D3FDF9}.Release|Any CPU.Build.0 = Release|Any CPU
		{35DE3B86-0FB0-472B-BC4C-65E87F7C1459}.Debug|Any CPU.ActiveCfg = Debug|Any CPU
		{35DE3B86-0FB0-472B-BC4C-65E87F7C1459}.Debug|Any CPU.Build.0 = Debug|Any CPU
		{35DE3B86-0FB0-472B-BC4C-65E87F7C1459}.Release|Any CPU.ActiveCfg = Release|Any CPU
		{35DE3B86-0FB0-472B-BC4C-65E87F7C1459}.Release|Any CPU.Build.0 = Release|Any CPU
		{488E8863-147F-4A6A-A50C-5356AAFC5E43}.Debug|Any CPU.ActiveCfg = Debug|Any CPU
		{488E8863-147F-4A6A-A50C-5356AAFC5E43}.Debug|Any CPU.Build.0 = Debug|Any CPU
		{488E8863-147F-4A6A-A50C-5356AAFC5E43}.Release|Any CPU.ActiveCfg = Release|Any CPU
		{488E8863-147F-4A6A-A50C-5356AAFC5E43}.Release|Any CPU.Build.0 = Release|Any CPU
		{7FAE652C-7AC2-4D70-9870-22A5E02D829A}.Debug|Any CPU.ActiveCfg = Debug|Any CPU
		{7FAE652C-7AC2-4D70-9870-22A5E02D829A}.Debug|Any CPU.Build.0 = Debug|Any CPU
		{7FAE652C-7AC2-4D70-9870-22A5E02D829A}.Release|Any CPU.ActiveCfg = Release|Any CPU
		{7FAE652C-7AC2-4D70-9870-22A5E02D829A}.Release|Any CPU.Build.0 = Release|Any CPU
	EndGlobalSection
	GlobalSection(SolutionProperties) = preSolution
		HideSolutionNode = FALSE
	EndGlobalSection
	GlobalSection(ExtensibilityGlobals) = postSolution
		SolutionGuid = {673EFB1F-91E5-41AD-9F2A-9CD46A545E63}
	EndGlobalSection
EndGlobal
